
Microsoft Visual Studio Solution File, Format Version 12.00
# Visual Studio Version 17
VisualStudioVersion = 17.11.35431.28
MinimumVisualStudioVersion = 10.0.40219.1
Project("{FAE04EC0-301F-11D3-BF4B-00C04F79EFBC}") = "Facade", "Facade.csproj", "{39BCFFEC-8570-4D11-BA75-32A284352DE6}"
EndProject
Global
	GlobalSection(SolutionConfigurationPlatforms) = preSolution
		Debug|Any CPU = Debug|Any CPU
		Release|Any CPU = Release|Any CPU
	EndGlobalSection
	GlobalSection(ProjectConfigurationPlatforms) = postSolution
		{39BCFFEC-8570-4D11-BA75-32A284352DE6}.Debug|Any CPU.ActiveCfg = Debug|Any CPU
		{39BCFFEC-8570-4D11-BA75-32A284352DE6}.Debug|Any CPU.Build.0 = Debug|Any CPU
		{39BCFFEC-8570-4D11-BA75-32A284352DE6}.Release|Any CPU.ActiveCfg = Release|Any CPU
		{39BCFFEC-8570-4D11-BA75-32A284352DE6}.Release|Any CPU.Build.0 = Release|Any CPU
	EndGlobalSection
	GlobalSection(SolutionProperties) = preSolution
		HideSolutionNode = FALSE
	EndGlobalSection
	GlobalSection(ExtensibilityGlobals) = postSolution
		SolutionGuid = {6F497C38-4DCE-4B90-BEF2-A40A3371C6FA}
	EndGlobalSection
EndGlobal
